
Microsoft Visual Studio Solution File, Format Version 12.00
# Visual Studio Version 17
VisualStudioVersion = 17.10.34928.147
MinimumVisualStudioVersion = 10.0.40219.1
Project("{FAE04EC0-301F-11D3-BF4B-00C04F79EFBC}") = "DigitalizacionAPI", "DigitalizacionAPI\DigitalizacionAPI.csproj", "{48A059F6-4184-4A80-BAF1-92BC89232FC2}"
EndProject
Global
	GlobalSection(SolutionConfigurationPlatforms) = preSolution
		Debug|Any CPU = Debug|Any CPU
		Release|Any CPU = Release|Any CPU
	EndGlobalSection
	GlobalSection(ProjectConfigurationPlatforms) = postSolution
		{48A059F6-4184-4A80-BAF1-92BC89232FC2}.Debug|Any CPU.ActiveCfg = Debug|Any CPU
		{48A059F6-4184-4A80-BAF1-92BC89232FC2}.Debug|Any CPU.Build.0 = Debug|Any CPU
		{48A059F6-4184-4A80-BAF1-92BC89232FC2}.Release|Any CPU.ActiveCfg = Release|Any CPU
		{48A059F6-4184-4A80-BAF1-92BC89232FC2}.Release|Any CPU.Build.0 = Release|Any CPU
	EndGlobalSection
	GlobalSection(SolutionProperties) = preSolution
		HideSolutionNode = FALSE
	EndGlobalSection
	GlobalSection(ExtensibilityGlobals) = postSolution
		SolutionGuid = {C40FF1DD-F4D1-49FC-8EF1-C28F5A6AC72A}
	EndGlobalSection
EndGlobal
